
Microsoft Visual Studio Solution File, Format Version 12.00
# Visual Studio Version 17
VisualStudioVersion = 17.8.34316.72
MinimumVisualStudioVersion = 10.0.40219.1
Project("{9A19103F-16F7-4668-BE54-9A1E7A4F7556}") = "FreshToHome", "FreshToHome\FreshToHome.csproj", "{D5B14D98-8967-49F7-B26B-9BA22B3A0600}"
EndProject
Project("{2150E333-8FDC-42A3-9474-1A3956D46DE8}") = "Solution Items", "Solution Items", "{95F442E8-EE0B-4203-B758-AB6196CB23A9}"
	ProjectSection(SolutionItems) = preProject
		..\..\MiniProject\FreshToHomeSolution\freshtohome_documents\fresh to home brs.docx = ..\..\MiniProject\FreshToHomeSolution\freshtohome_documents\fresh to home brs.docx
		..\..\MiniProject\FreshToHomeSolution\freshtohome_documents\fresh to home srs.docx = ..\..\MiniProject\FreshToHomeSolution\freshtohome_documents\fresh to home srs.docx
	EndProjectSection
EndProject
Global
	GlobalSection(SolutionConfigurationPlatforms) = preSolution
		Debug|Any CPU = Debug|Any CPU
		Release|Any CPU = Release|Any CPU
	EndGlobalSection
	GlobalSection(ProjectConfigurationPlatforms) = postSolution
		{D5B14D98-8967-49F7-B26B-9BA22B3A0600}.Debug|Any CPU.ActiveCfg = Debug|Any CPU
		{D5B14D98-8967-49F7-B26B-9BA22B3A0600}.Debug|Any CPU.Build.0 = Debug|Any CPU
		{D5B14D98-8967-49F7-B26B-9BA22B3A0600}.Release|Any CPU.ActiveCfg = Release|Any CPU
		{D5B14D98-8967-49F7-B26B-9BA22B3A0600}.Release|Any CPU.Build.0 = Release|Any CPU
	EndGlobalSection
	GlobalSection(SolutionProperties) = preSolution
		HideSolutionNode = FALSE
	EndGlobalSection
	GlobalSection(ExtensibilityGlobals) = postSolution
		SolutionGuid = {43FFAE81-0FD0-472E-B9C0-A7E9B5AFE47F}
	EndGlobalSection
EndGlobal
