
Microsoft Visual Studio Solution File, Format Version 12.00
# Visual Studio Version 17
VisualStudioVersion = 17.8.34316.72
MinimumVisualStudioVersion = 10.0.40219.1
Project("{FAE04EC0-301F-11D3-BF4B-00C04F79EFBC}") = "FreshToHome", "FreshToHome\FreshToHome.csproj", "{D5B14D98-8967-49F7-B26B-9BA22B3A0600}"
EndProject
Global
	GlobalSection(SolutionConfigurationPlatforms) = preSolution
		Debug|Any CPU = Debug|Any CPU
		Release|Any CPU = Release|Any CPU
	EndGlobalSection
	GlobalSection(ProjectConfigurationPlatforms) = postSolution
		{D5B14D98-8967-49F7-B26B-9BA22B3A0600}.Debug|Any CPU.ActiveCfg = Debug|Any CPU
		{D5B14D98-8967-49F7-B26B-9BA22B3A0600}.Debug|Any CPU.Build.0 = Debug|Any CPU
		{D5B14D98-8967-49F7-B26B-9BA22B3A0600}.Release|Any CPU.ActiveCfg = Release|Any CPU
		{D5B14D98-8967-49F7-B26B-9BA22B3A0600}.Release|Any CPU.Build.0 = Release|Any CPU
	EndGlobalSection
	GlobalSection(SolutionProperties) = preSolution
		HideSolutionNode = FALSE
	EndGlobalSection
	GlobalSection(ExtensibilityGlobals) = postSolution
		SolutionGuid = {43FFAE81-0FD0-472E-B9C0-A7E9B5AFE47F}
	EndGlobalSection
EndGlobal
